
Microsoft Visual Studio Solution File, Format Version 12.00
# Visual Studio Version 16
VisualStudioVersion = 16.0.32106.194
MinimumVisualStudioVersion = 10.0.40219.1
Project("{8BC9CEB8-8B4A-11D0-8D11-00A0C91BC942}") = "Project1", "Project1\Project1.vcxproj", "{CDF54478-DB98-4CBE-97C1-21EC14A8C190}"
EndProject
Project("{8BC9CEB8-8B4A-11D0-8D11-00A0C91BC942}") = "Project2", "Project2\Project2.vcxproj", "{0DD0C563-2E30-47AC-9934-360B37B6C744}"
EndProject
Project("{8BC9CEB8-8B4A-11D0-8D11-00A0C91BC942}") = "Project3", "Project3\Project3.vcxproj", "{1016F6B8-C645-4158-85A9-AF2C4A6A39AD}"
EndProject
Project("{8BC9CEB8-8B4A-11D0-8D11-00A0C91BC942}") = "Project4", "Project4\Project4.vcxproj", "{88C52F66-86C2-45C1-B222-CF3F8D261DFA}"
EndProject
Project("{8BC9CEB8-8B4A-11D0-8D11-00A0C91BC942}") = "Project5", "Project5\Project5.vcxproj", "{2495B6EF-8D35-4115-8152-662F0C101D44}"
EndProject
Project("{8BC9CEB8-8B4A-11D0-8D11-00A0C91BC942}") = "Project6", "Project6\Project6.vcxproj", "{CDAC4121-7C0F-4021-B11D-FB409631BD79}"
EndProject
Project("{8BC9CEB8-8B4A-11D0-8D11-00A0C91BC942}") = "Project7", "Project7\Project7.vcxproj", "{6D5D067A-9316-49BC-ABFA-6DC7E6F94213}"
EndProject
Project("{8BC9CEB8-8B4A-11D0-8D11-00A0C91BC942}") = "Project8", "Project8\Project8.vcxproj", "{18D44287-D46D-4A7A-9876-183C56399B50}"
EndProject
Project("{8BC9CEB8-8B4A-11D0-8D11-00A0C91BC942}") = "DeferredShading", "DeferredShading\DeferredShading.vcxproj", "{1744772C-16DB-4418-B4B2-F7CE0B474754}"
EndProject
Global
	GlobalSection(SolutionConfigurationPlatforms) = preSolution
		Debug|x64 = Debug|x64
		Debug|x86 = Debug|x86
		Release|x64 = Release|x64
		Release|x86 = Release|x86
	EndGlobalSection
	GlobalSection(ProjectConfigurationPlatforms) = postSolution
		{CDF54478-DB98-4CBE-97C1-21EC14A8C190}.Debug|x64.ActiveCfg = Debug|x64
		{CDF54478-DB98-4CBE-97C1-21EC14A8C190}.Debug|x64.Build.0 = Debug|x64
		{CDF54478-DB98-4CBE-97C1-21EC14A8C190}.Debug|x86.ActiveCfg = Debug|Win32
		{CDF54478-DB98-4CBE-97C1-21EC14A8C190}.Debug|x86.Build.0 = Debug|Win32
		{CDF54478-DB98-4CBE-97C1-21EC14A8C190}.Release|x64.ActiveCfg = Release|x64
		{CDF54478-DB98-4CBE-97C1-21EC14A8C190}.Release|x64.Build.0 = Release|x64
		{CDF54478-DB98-4CBE-97C1-21EC14A8C190}.Release|x86.ActiveCfg = Release|Win32
		{CDF54478-DB98-4CBE-97C1-21EC14A8C190}.Release|x86.Build.0 = Release|Win32
		{0DD0C563-2E30-47AC-9934-360B37B6C744}.Debug|x64.ActiveCfg = Debug|x64
		{0DD0C563-2E30-47AC-9934-360B37B6C744}.Debug|x64.Build.0 = Debug|x64
		{0DD0C563-2E30-47AC-9934-360B37B6C744}.Debug|x86.ActiveCfg = Debug|Win32
		{0DD0C563-2E30-47AC-9934-360B37B6C744}.Debug|x86.Build.0 = Debug|Win32
		{0DD0C563-2E30-47AC-9934-360B37B6C744}.Release|x64.ActiveCfg = Release|x64
		{0DD0C563-2E30-47AC-9934-360B37B6C744}.Release|x64.Build.0 = Release|x64
		{0DD0C563-2E30-47AC-9934-360B37B6C744}.Release|x86.ActiveCfg = Release|Win32
		{0DD0C563-2E30-47AC-9934-360B37B6C744}.Release|x86.Build.0 = Release|Win32
		{1016F6B8-C645-4158-85A9-AF2C4A6A39AD}.Debug|x64.ActiveCfg = Debug|x64
		{1016F6B8-C645-4158-85A9-AF2C4A6A39AD}.Debug|x64.Build.0 = Debug|x64
		{1016F6B8-C645-4158-85A9-AF2C4A6A39AD}.Debug|x86.ActiveCfg = Debug|Win32
		{1016F6B8-C645-4158-85A9-AF2C4A6A39AD}.Debug|x86.Build.0 = Debug|Win32
		{1016F6B8-C645-4158-85A9-AF2C4A6A39AD}.Release|x64.ActiveCfg = Release|x64
		{1016F6B8-C645-4158-85A9-AF2C4A6A39AD}.Release|x64.Build.0 = Release|x64
		{1016F6B8-C645-4158-85A9-AF2C4A6A39AD}.Release|x86.ActiveCfg = Release|Win32
		{1016F6B8-C645-4158-85A9-AF2C4A6A39AD}.Release|x86.Build.0 = Release|Win32
		{88C52F66-86C2-45C1-B222-CF3F8D261DFA}.Debug|x64.ActiveCfg = Debug|x64
		{88C52F66-86C2-45C1-B222-CF3F8D261DFA}.Debug|x64.Build.0 = Debug|x64
		{88C52F66-86C2-45C1-B222-CF3F8D261DFA}.Debug|x86.ActiveCfg = Debug|Win32
		{88C52F66-86C2-45C1-B222-CF3F8D261DFA}.Debug|x86.Build.0 = Debug|Win32
		{88C52F66-86C2-45C1-B222-CF3F8D261DFA}.Release|x64.ActiveCfg = Release|x64
		{88C52F66-86C2-45C1-B222-CF3F8D261DFA}.Release|x64.Build.0 = Release|x64
		{88C52F66-86C2-45C1-B222-CF3F8D261DFA}.Release|x86.ActiveCfg = Release|Win32
		{88C52F66-86C2-45C1-B222-CF3F8D261DFA}.Release|x86.Build.0 = Release|Win32
		{2495B6EF-8D35-4115-8152-662F0C101D44}.Debug|x64.ActiveCfg = Debug|x64
		{2495B6EF-8D35-4115-8152-662F0C101D44}.Debug|x64.Build.0 = Debug|x64
		{2495B6EF-8D35-4115-8152-662F0C101D44}.Debug|x86.ActiveCfg = Debug|Win32
		{2495B6EF-8D35-4115-8152-662F0C101D44}.Debug|x86.Build.0 = Debug|Win32
		{2495B6EF-8D35-4115-8152-662F0C101D44}.Release|x64.ActiveCfg = Release|x64
		{2495B6EF-8D35-4115-8152-662F0C101D44}.Release|x64.Build.0 = Release|x64
		{2495B6EF-8D35-4115-8152-662F0C101D44}.Release|x86.ActiveCfg = Release|Win32
		{2495B6EF-8D35-4115-8152-662F0C101D44}.Release|x86.Build.0 = Release|Win32
		{CDAC4121-7C0F-4021-B11D-FB409631BD79}.Debug|x64.ActiveCfg = Debug|x64
		{CDAC4121-7C0F-4021-B11D-FB409631BD79}.Debug|x64.Build.0 = Debug|x64
		{CDAC4121-7C0F-4021-B11D-FB409631BD79}.Debug|x86.ActiveCfg = Debug|Win32
		{CDAC4121-7C0F-4021-B11D-FB409631BD79}.Debug|x86.Build.0 = Debug|Win32
		{CDAC4121-7C0F-4021-B11D-FB409631BD79}.Release|x64.ActiveCfg = Release|x64
		{CDAC4121-7C0F-4021-B11D-FB409631BD79}.Release|x64.Build.0 = Release|x64
		{CDAC4121-7C0F-4021-B11D-FB409631BD79}.Release|x86.ActiveCfg = Release|Win32
		{CDAC4121-7C0F-4021-B11D-FB409631BD79}.Release|x86.Build.0 = Release|Win32
		{6D5D067A-9316-49BC-ABFA-6DC7E6F94213}.Debug|x64.ActiveCfg = Debug|x64
		{6D5D067A-9316-49BC-ABFA-6DC7E6F94213}.Debug|x64.Build.0 = Debug|x64
		{6D5D067A-9316-49BC-ABFA-6DC7E6F94213}.Debug|x86.ActiveCfg = Debug|Win32
		{6D5D067A-9316-49BC-ABFA-6DC7E6F94213}.Debug|x86.Build.0 = Debug|Win32
		{6D5D067A-9316-49BC-ABFA-6DC7E6F94213}.Release|x64.ActiveCfg = Release|x64
		{6D5D067A-9316-49BC-ABFA-6DC7E6F94213}.Release|x64.Build.0 = Release|x64
		{6D5D067A-9316-49BC-ABFA-6DC7E6F94213}.Release|x86.ActiveCfg = Release|Win32
		{6D5D067A-9316-49BC-ABFA-6DC7E6F94213}.Release|x86.Build.0 = Release|Win32
		{18D44287-D46D-4A7A-9876-183C56399B50}.Debug|x64.ActiveCfg = Debug|x64
		{18D44287-D46D-4A7A-9876-183C56399B50}.Debug|x64.Build.0 = Debug|x64
		{18D44287-D46D-4A7A-9876-183C56399B50}.Debug|x86.ActiveCfg = Debug|Win32
		{18D44287-D46D-4A7A-9876-183C56399B50}.Debug|x86.Build.0 = Debug|Win32
		{18D44287-D46D-4A7A-9876-183C56399B50}.Release|x64.ActiveCfg = Release|x64
		{18D44287-D46D-4A7A-9876-183C56399B50}.Release|x64.Build.0 = Release|x64
		{18D44287-D46D-4A7A-9876-183C56399B50}.Release|x86.ActiveCfg = Release|Win32
		{18D44287-D46D-4A7A-9876-183C56399B50}.Release|x86.Build.0 = Release|Win32
		{1744772C-16DB-4418-B4B2-F7CE0B474754}.Debug|x64.ActiveCfg = Debug|x64
		{1744772C-16DB-4418-B4B2-F7CE0B474754}.Debug|x64.Build.0 = Debug|x64
		{1744772C-16DB-4418-B4B2-F7CE0B474754}.Debug|x86.ActiveCfg = Debug|Win32
		{1744772C-16DB-4418-B4B2-F7CE0B474754}.Debug|x86.Build.0 = Debug|Win32
		{1744772C-16DB-4418-B4B2-F7CE0B474754}.Release|x64.ActiveCfg = Release|x64
		{1744772C-16DB-4418-B4B2-F7CE0B474754}.Release|x64.Build.0 = Release|x64
		{1744772C-16DB-4418-B4B2-F7CE0B474754}.Release|x86.ActiveCfg = Release|Win32
		{1744772C-16DB-4418-B4B2-F7CE0B474754}.Release|x86.Build.0 = Release|Win32
	EndGlobalSection
	GlobalSection(SolutionProperties) = preSolution
		HideSolutionNode = FALSE
	EndGlobalSection
	GlobalSection(ExtensibilityGlobals) = postSolution
		SolutionGuid = {B877E275-3796-4C9C-82CD-47D6CDB9D725}
	EndGlobalSection
EndGlobal
